
Microsoft Visual Studio Solution File, Format Version 12.00
# Visual Studio 2015
Project("{FAE04EC0-301F-11D3-BF4B-00C04F79EFBC}") = "vr sample.CSharp", "vr sample.CSharp.csproj", "{FE7E6747-FFC8-BB2C-9FF6-31A1D5064116}"
EndProject
Project("{FAE04EC0-301F-11D3-BF4B-00C04F79EFBC}") = "vr sample.CSharp.Editor", "vr sample.CSharp.Editor.csproj", "{9092CCAC-8E45-A129-6A9E-3E880B57D484}"
EndProject
Global
	GlobalSection(SolutionConfigurationPlatforms) = preSolution
		Debug|Any CPU = Debug|Any CPU
		Release|Any CPU = Release|Any CPU
	EndGlobalSection
	GlobalSection(ProjectConfigurationPlatforms) = postSolution
		{FE7E6747-FFC8-BB2C-9FF6-31A1D5064116}.Debug|Any CPU.ActiveCfg = Debug|Any CPU
		{FE7E6747-FFC8-BB2C-9FF6-31A1D5064116}.Debug|Any CPU.Build.0 = Debug|Any CPU
		{FE7E6747-FFC8-BB2C-9FF6-31A1D5064116}.Release|Any CPU.ActiveCfg = Release|Any CPU
		{FE7E6747-FFC8-BB2C-9FF6-31A1D5064116}.Release|Any CPU.Build.0 = Release|Any CPU
		{9092CCAC-8E45-A129-6A9E-3E880B57D484}.Debug|Any CPU.ActiveCfg = Debug|Any CPU
		{9092CCAC-8E45-A129-6A9E-3E880B57D484}.Debug|Any CPU.Build.0 = Debug|Any CPU
		{9092CCAC-8E45-A129-6A9E-3E880B57D484}.Release|Any CPU.ActiveCfg = Release|Any CPU
		{9092CCAC-8E45-A129-6A9E-3E880B57D484}.Release|Any CPU.Build.0 = Release|Any CPU
	EndGlobalSection
	GlobalSection(SolutionProperties) = preSolution
		HideSolutionNode = FALSE
	EndGlobalSection
EndGlobal
