
Microsoft Visual Studio Solution File, Format Version 12.00
# Visual Studio 2015
Project("{FAE04EC0-301F-11D3-BF4B-00C04F79EFBC}") = "CsharpVRStreamingClient.CSharp", "CsharpVRStreamingClient.CSharp.csproj", "{80A01CF3-F451-FBBB-5166-794BB5FD85DC}"
EndProject
Project("{FAE04EC0-301F-11D3-BF4B-00C04F79EFBC}") = "CsharpVRStreamingClient.CSharp.Editor", "CsharpVRStreamingClient.CSharp.Editor.csproj", "{803F8E4C-398D-C0C3-0BB4-A6E8BA5AACD3}"
EndProject
Global
	GlobalSection(SolutionConfigurationPlatforms) = preSolution
		Debug|Any CPU = Debug|Any CPU
		Release|Any CPU = Release|Any CPU
	EndGlobalSection
	GlobalSection(ProjectConfigurationPlatforms) = postSolution
		{80A01CF3-F451-FBBB-5166-794BB5FD85DC}.Debug|Any CPU.ActiveCfg = Debug|Any CPU
		{80A01CF3-F451-FBBB-5166-794BB5FD85DC}.Debug|Any CPU.Build.0 = Debug|Any CPU
		{80A01CF3-F451-FBBB-5166-794BB5FD85DC}.Release|Any CPU.ActiveCfg = Release|Any CPU
		{80A01CF3-F451-FBBB-5166-794BB5FD85DC}.Release|Any CPU.Build.0 = Release|Any CPU
		{803F8E4C-398D-C0C3-0BB4-A6E8BA5AACD3}.Debug|Any CPU.ActiveCfg = Debug|Any CPU
		{803F8E4C-398D-C0C3-0BB4-A6E8BA5AACD3}.Debug|Any CPU.Build.0 = Debug|Any CPU
		{803F8E4C-398D-C0C3-0BB4-A6E8BA5AACD3}.Release|Any CPU.ActiveCfg = Release|Any CPU
		{803F8E4C-398D-C0C3-0BB4-A6E8BA5AACD3}.Release|Any CPU.Build.0 = Release|Any CPU
	EndGlobalSection
	GlobalSection(SolutionProperties) = preSolution
		HideSolutionNode = FALSE
	EndGlobalSection
EndGlobal
