
Microsoft Visual Studio Solution File, Format Version 12.00
# Visual Studio 2015
Project("{FAE04EC0-301F-11D3-BF4B-00C04F79EFBC}") = "VRStream_Client.CSharp", "VRStream_Client.CSharp.csproj", "{F627706C-6584-FDBB-DE99-115FA0574AAD}"
EndProject
Project("{FAE04EC0-301F-11D3-BF4B-00C04F79EFBC}") = "VRStream_Client.CSharp.Editor", "VRStream_Client.CSharp.Editor.csproj", "{7ABF7703-F03D-A0AF-E76F-B92EC241A035}"
EndProject
Global
	GlobalSection(SolutionConfigurationPlatforms) = preSolution
		Debug|Any CPU = Debug|Any CPU
		Release|Any CPU = Release|Any CPU
	EndGlobalSection
	GlobalSection(ProjectConfigurationPlatforms) = postSolution
		{F627706C-6584-FDBB-DE99-115FA0574AAD}.Debug|Any CPU.ActiveCfg = Debug|Any CPU
		{F627706C-6584-FDBB-DE99-115FA0574AAD}.Debug|Any CPU.Build.0 = Debug|Any CPU
		{F627706C-6584-FDBB-DE99-115FA0574AAD}.Release|Any CPU.ActiveCfg = Release|Any CPU
		{F627706C-6584-FDBB-DE99-115FA0574AAD}.Release|Any CPU.Build.0 = Release|Any CPU
		{7ABF7703-F03D-A0AF-E76F-B92EC241A035}.Debug|Any CPU.ActiveCfg = Debug|Any CPU
		{7ABF7703-F03D-A0AF-E76F-B92EC241A035}.Debug|Any CPU.Build.0 = Debug|Any CPU
		{7ABF7703-F03D-A0AF-E76F-B92EC241A035}.Release|Any CPU.ActiveCfg = Release|Any CPU
		{7ABF7703-F03D-A0AF-E76F-B92EC241A035}.Release|Any CPU.Build.0 = Release|Any CPU
	EndGlobalSection
	GlobalSection(SolutionProperties) = preSolution
		HideSolutionNode = FALSE
	EndGlobalSection
EndGlobal
