Microsoft Visual Studio Solution File, Format Version 11.00
# Visual Studio 2008

Project("{AFD2C107-D6FA-1934-9673-6F39FA8D472F}") = "VRStream_Client", "Assembly-CSharp.csproj", "{85B8638B-174A-7CF7-552F-DD1D83D2F774}"
EndProject
Project("{AFD2C107-D6FA-1934-9673-6F39FA8D472F}") = "VRStream_Client", "Assembly-CSharp-Editor.csproj", "{F8FBFA20-EBA4-C1BB-2224-A189831B80A1}"
EndProject
Global
	GlobalSection(SolutionConfigurationPlatforms) = preSolution
		Debug|Any CPU = Debug|Any CPU
		Release|Any CPU = Release|Any CPU
	EndGlobalSection
	GlobalSection(ProjectConfigurationPlatforms) = postSolution
		{85B8638B-174A-7CF7-552F-DD1D83D2F774}.Debug|Any CPU.ActiveCfg = Debug|Any CPU
		{85B8638B-174A-7CF7-552F-DD1D83D2F774}.Debug|Any CPU.Build.0 = Debug|Any CPU
		{85B8638B-174A-7CF7-552F-DD1D83D2F774}.Release|Any CPU.ActiveCfg = Release|Any CPU
		{85B8638B-174A-7CF7-552F-DD1D83D2F774}.Release|Any CPU.Build.0 = Release|Any CPU
		{F8FBFA20-EBA4-C1BB-2224-A189831B80A1}.Debug|Any CPU.ActiveCfg = Debug|Any CPU
		{F8FBFA20-EBA4-C1BB-2224-A189831B80A1}.Debug|Any CPU.Build.0 = Debug|Any CPU
		{F8FBFA20-EBA4-C1BB-2224-A189831B80A1}.Release|Any CPU.ActiveCfg = Release|Any CPU
		{F8FBFA20-EBA4-C1BB-2224-A189831B80A1}.Release|Any CPU.Build.0 = Release|Any CPU
	EndGlobalSection
	GlobalSection(SolutionProperties) = preSolution
		HideSolutionNode = FALSE
	EndGlobalSection
	GlobalSection(MonoDevelopProperties) = preSolution
		StartupItem = Assembly-CSharp.csproj
	EndGlobalSection
EndGlobal
